<?xml version="1.0" encoding="UTF-8" standalone="yes" ?>
<CodeBlocks_project_file>
	<FileVersion major="1" minor="6" />
	<Project>
		<Option title="tower-defense" />
		<Option pch_mode="2" />
		<Option compiler="gcc" />
		<Build>
			<Target title="Debug">
				<Option output="bin/Debug/tower-defense" prefix_auto="1" extension_auto="1" />
				<Option working_dir="bin/Debug/." />
				<Option object_output="obj/Debug/" />
				<Option type="1" />
				<Option compiler="gcc" />
				<Compiler>
					<Add option="-std=c++11" />
					<Add option="-g" />
					<Add directory="include/towerdefense" />
					<Add directory="include" />
				</Compiler>
				<Linker>
					<Add library="sfml-graphics-d" />
					<Add library="sfml-network-d" />
					<Add library="sfml-audio-d" />
					<Add library="sfml-window-d" />
					<Add library="sfml-system-d" />
					<Add library="libboost_system-mgw48-mt-d-1_57" />
					<Add library="libboost_filesystem-mgw48-mt-d-1_57" />
				</Linker>
				<ExtraCommands>
					<Add after="xcopy res bin\Debug\res /H /S /E /Y /V /I /J" />
					<Mode after="always" />
				</ExtraCommands>
			</Target>
			<Target title="Release">
				<Option output="bin/Release/tower-defense" prefix_auto="1" extension_auto="1" />
				<Option working_dir="bin/Release" />
				<Option object_output="obj/Release/" />
				<Option type="0" />
				<Option compiler="gcc" />
				<Compiler>
					<Add option="-O2" />
					<Add option="-std=c++11" />
					<Add directory="include/towerdefense" />
					<Add directory="include" />
				</Compiler>
				<Linker>
					<Add option="-s" />
					<Add library="sfml-graphics" />
					<Add library="sfml-network" />
					<Add library="sfml-audio" />
					<Add library="sfml-window" />
					<Add library="sfml-system" />
					<Add library="libboost_system-mgw48-mt-1_57" />
					<Add library="libboost_filesystem-mgw48-mt-1_57" />
				</Linker>
				<ExtraCommands>
					<Add after="xcopy res bin\Release\res /H /S /E /Y /V /I /J" />
					<Mode after="always" />
				</ExtraCommands>
			</Target>
		</Build>
		<Compiler>
			<Add option="-std=c++11" />
			<Add option="-Wall" />
			<Add directory="D:/boost_1_57_0" />
			<Add directory="D:/SFML-2.1/include" />
			<Add directory="include" />
		</Compiler>
		<Linker>
			<Add directory="D:/boost_1_57_0/stage/lib" />
			<Add directory="D:/SFML-2.1/lib" />
		</Linker>
		<Unit filename="include/towerdefense/Animation.h" />
		<Unit filename="include/towerdefense/AntiChar.h" />
		<Unit filename="include/towerdefense/Bullet.h" />
		<Unit filename="include/towerdefense/Enemy.h" />
		<Unit filename="include/towerdefense/EnemyManager.h" />
		<Unit filename="include/towerdefense/Entity.h" />
		<Unit filename="include/towerdefense/Event.h" />
		<Unit filename="include/towerdefense/ImageHandler.h" />
		<Unit filename="include/towerdefense/Map.h" />
		<Unit filename="include/towerdefense/Random.h" />
		<Unit filename="include/towerdefense/Resource.h" />
		<Unit filename="include/towerdefense/Tank.h" />
		<Unit filename="include/towerdefense/TowerManager.h" />
		<Unit filename="include/towerdefense/World.h" />
		<Unit filename="include/towerdefense/tower.h" />
		<Unit filename="src/Animation.cpp" />
		<Unit filename="src/AntiChar.cpp" />
		<Unit filename="src/Bullet.cpp" />
		<Unit filename="src/Enemy.cpp" />
		<Unit filename="src/EnemyManager.cpp" />
		<Unit filename="src/Entity.cpp" />
		<Unit filename="src/ImageHandler.cpp" />
		<Unit filename="src/Map.cpp" />
		<Unit filename="src/Random.cpp" />
		<Unit filename="src/Resource.cpp" />
		<Unit filename="src/Tank.cpp" />
		<Unit filename="src/TowerManager.cpp" />
		<Unit filename="src/World.cpp" />
		<Unit filename="src/bin/config.h.in" />
		<Unit filename="src/bin/example_animation.cpp" />
		<Unit filename="src/bin/main.cpp" />
		<Unit filename="src/tower.cpp" />
		<Extensions>
			<code_completion />
			<envvars />
			<debugger />
			<lib_finder disable_auto="1" />
		</Extensions>
	</Project>
</CodeBlocks_project_file>
